
Microsoft Visual Studio Solution File, Format Version 12.00
# Visual Studio 15
VisualStudioVersion = 15.0.28307.421
MinimumVisualStudioVersion = 10.0.40219.1
Project("{FAE04EC0-301F-11D3-BF4B-00C04F79EFBC}") = "ConsoleApp", "Console\ConsoleApp.csproj", "{F1114AF4-77ED-4BD3-8B7E-9C884DC567DE}"
EndProject
Global
	GlobalSection(SolutionConfigurationPlatforms) = preSolution
		Debug|Any CPU = Debug|Any CPU
		Release|Any CPU = Release|Any CPU
	EndGlobalSection
	GlobalSection(ProjectConfigurationPlatforms) = postSolution
		{F1114AF4-77ED-4BD3-8B7E-9C884DC567DE}.Debug|Any CPU.ActiveCfg = Debug|Any CPU
		{F1114AF4-77ED-4BD3-8B7E-9C884DC567DE}.Debug|Any CPU.Build.0 = Debug|Any CPU
		{F1114AF4-77ED-4BD3-8B7E-9C884DC567DE}.Release|Any CPU.ActiveCfg = Release|Any CPU
		{F1114AF4-77ED-4BD3-8B7E-9C884DC567DE}.Release|Any CPU.Build.0 = Release|Any CPU
	EndGlobalSection
	GlobalSection(SolutionProperties) = preSolution
		HideSolutionNode = FALSE
	EndGlobalSection
	GlobalSection(ExtensibilityGlobals) = postSolution
		SolutionGuid = {3E2EA5EA-7B60-4CD4-B7E3-8DF158AB5A4D}
	EndGlobalSection
EndGlobal
