
Microsoft Visual Studio Solution File, Format Version 12.00
# Visual Studio 15
VisualStudioVersion = 15.0.28307.421
MinimumVisualStudioVersion = 10.0.40219.1
Project("{9A19103F-16F7-4668-BE54-9A1E7A4F7556}") = "ConsoleUI", "ConsoleApp\ConsoleUI.csproj", "{F1114AF4-77ED-4BD3-8B7E-9C884DC567DE}"
EndProject
Project("{9A19103F-16F7-4668-BE54-9A1E7A4F7556}") = "UnitTest", "UnitTest\UnitTest.csproj", "{27BFE5CC-4926-4C37-990B-977EF69C1541}"
EndProject
Project("{9A19103F-16F7-4668-BE54-9A1E7A4F7556}") = "BusinessLayer", "BusinessLayer\BusinessLayer.csproj", "{976E697D-B625-4C87-8809-98BEFACEA8F6}"
EndProject
Project("{9A19103F-16F7-4668-BE54-9A1E7A4F7556}") = "DAL", "DAL\DAL.csproj", "{5EF4DB08-2008-4EB8-8277-4C0668432C62}"
EndProject
Global
	GlobalSection(SolutionConfigurationPlatforms) = preSolution
		Debug|Any CPU = Debug|Any CPU
		Release|Any CPU = Release|Any CPU
	EndGlobalSection
	GlobalSection(ProjectConfigurationPlatforms) = postSolution
		{F1114AF4-77ED-4BD3-8B7E-9C884DC567DE}.Debug|Any CPU.ActiveCfg = Debug|Any CPU
		{F1114AF4-77ED-4BD3-8B7E-9C884DC567DE}.Debug|Any CPU.Build.0 = Debug|Any CPU
		{F1114AF4-77ED-4BD3-8B7E-9C884DC567DE}.Release|Any CPU.ActiveCfg = Release|Any CPU
		{F1114AF4-77ED-4BD3-8B7E-9C884DC567DE}.Release|Any CPU.Build.0 = Release|Any CPU
		{27BFE5CC-4926-4C37-990B-977EF69C1541}.Debug|Any CPU.ActiveCfg = Debug|Any CPU
		{27BFE5CC-4926-4C37-990B-977EF69C1541}.Debug|Any CPU.Build.0 = Debug|Any CPU
		{27BFE5CC-4926-4C37-990B-977EF69C1541}.Release|Any CPU.ActiveCfg = Release|Any CPU
		{27BFE5CC-4926-4C37-990B-977EF69C1541}.Release|Any CPU.Build.0 = Release|Any CPU
		{976E697D-B625-4C87-8809-98BEFACEA8F6}.Debug|Any CPU.ActiveCfg = Debug|Any CPU
		{976E697D-B625-4C87-8809-98BEFACEA8F6}.Debug|Any CPU.Build.0 = Debug|Any CPU
		{976E697D-B625-4C87-8809-98BEFACEA8F6}.Release|Any CPU.ActiveCfg = Release|Any CPU
		{976E697D-B625-4C87-8809-98BEFACEA8F6}.Release|Any CPU.Build.0 = Release|Any CPU
		{5EF4DB08-2008-4EB8-8277-4C0668432C62}.Debug|Any CPU.ActiveCfg = Debug|Any CPU
		{5EF4DB08-2008-4EB8-8277-4C0668432C62}.Debug|Any CPU.Build.0 = Debug|Any CPU
		{5EF4DB08-2008-4EB8-8277-4C0668432C62}.Release|Any CPU.ActiveCfg = Release|Any CPU
		{5EF4DB08-2008-4EB8-8277-4C0668432C62}.Release|Any CPU.Build.0 = Release|Any CPU
	EndGlobalSection
	GlobalSection(SolutionProperties) = preSolution
		HideSolutionNode = FALSE
	EndGlobalSection
	GlobalSection(ExtensibilityGlobals) = postSolution
		SolutionGuid = {3E2EA5EA-7B60-4CD4-B7E3-8DF158AB5A4D}
	EndGlobalSection
EndGlobal
